
Microsoft Visual Studio Solution File, Format Version 12.00
# Visual Studio Version 17
VisualStudioVersion = 17.11.35327.3
MinimumVisualStudioVersion = 10.0.40219.1
Project("{8BC9CEB8-8B4A-11D0-8D11-00A0C91BC942}") = "Gradient", "Split\Split.vcxproj", "{C9BA475A-168D-4349-A908-D2B300AAF915}"
EndProject
Project("{8BC9CEB8-8B4A-11D0-8D11-00A0C91BC942}") = "UpsideDown", "UpsideDown\UpsideDown.vcxproj", "{43FBE04C-5FFF-4243-AA82-E6E1EDBFCF3C}"
EndProject
Project("{8BC9CEB8-8B4A-11D0-8D11-00A0C91BC942}") = "Mirrored", "Mirrored\Mirrored.vcxproj", "{3E01A92A-B005-400B-A8B4-231F7B61E33D}"
EndProject
Global
	GlobalSection(SolutionConfigurationPlatforms) = preSolution
		Debug|x64 = Debug|x64
		Debug|x86 = Debug|x86
		Release|x64 = Release|x64
		Release|x86 = Release|x86
	EndGlobalSection
	GlobalSection(ProjectConfigurationPlatforms) = postSolution
		{C9BA475A-168D-4349-A908-D2B300AAF915}.Debug|x64.ActiveCfg = Debug|x64
		{C9BA475A-168D-4349-A908-D2B300AAF915}.Debug|x64.Build.0 = Debug|x64
		{C9BA475A-168D-4349-A908-D2B300AAF915}.Debug|x86.ActiveCfg = Debug|Win32
		{C9BA475A-168D-4349-A908-D2B300AAF915}.Debug|x86.Build.0 = Debug|Win32
		{C9BA475A-168D-4349-A908-D2B300AAF915}.Release|x64.ActiveCfg = Release|x64
		{C9BA475A-168D-4349-A908-D2B300AAF915}.Release|x64.Build.0 = Release|x64
		{C9BA475A-168D-4349-A908-D2B300AAF915}.Release|x86.ActiveCfg = Release|Win32
		{C9BA475A-168D-4349-A908-D2B300AAF915}.Release|x86.Build.0 = Release|Win32
		{43FBE04C-5FFF-4243-AA82-E6E1EDBFCF3C}.Debug|x64.ActiveCfg = Debug|x64
		{43FBE04C-5FFF-4243-AA82-E6E1EDBFCF3C}.Debug|x64.Build.0 = Debug|x64
		{43FBE04C-5FFF-4243-AA82-E6E1EDBFCF3C}.Debug|x86.ActiveCfg = Debug|Win32
		{43FBE04C-5FFF-4243-AA82-E6E1EDBFCF3C}.Debug|x86.Build.0 = Debug|Win32
		{43FBE04C-5FFF-4243-AA82-E6E1EDBFCF3C}.Release|x64.ActiveCfg = Release|x64
		{43FBE04C-5FFF-4243-AA82-E6E1EDBFCF3C}.Release|x64.Build.0 = Release|x64
		{43FBE04C-5FFF-4243-AA82-E6E1EDBFCF3C}.Release|x86.ActiveCfg = Release|Win32
		{43FBE04C-5FFF-4243-AA82-E6E1EDBFCF3C}.Release|x86.Build.0 = Release|Win32
		{3E01A92A-B005-400B-A8B4-231F7B61E33D}.Debug|x64.ActiveCfg = Debug|x64
		{3E01A92A-B005-400B-A8B4-231F7B61E33D}.Debug|x64.Build.0 = Debug|x64
		{3E01A92A-B005-400B-A8B4-231F7B61E33D}.Debug|x86.ActiveCfg = Debug|Win32
		{3E01A92A-B005-400B-A8B4-231F7B61E33D}.Debug|x86.Build.0 = Debug|Win32
		{3E01A92A-B005-400B-A8B4-231F7B61E33D}.Release|x64.ActiveCfg = Release|x64
		{3E01A92A-B005-400B-A8B4-231F7B61E33D}.Release|x64.Build.0 = Release|x64
		{3E01A92A-B005-400B-A8B4-231F7B61E33D}.Release|x86.ActiveCfg = Release|Win32
		{3E01A92A-B005-400B-A8B4-231F7B61E33D}.Release|x86.Build.0 = Release|Win32
	EndGlobalSection
	GlobalSection(SolutionProperties) = preSolution
		HideSolutionNode = FALSE
	EndGlobalSection
	GlobalSection(ExtensibilityGlobals) = postSolution
		SolutionGuid = {3EDFC7CC-DB01-49AE-B86B-B24B2F47D1D3}
	EndGlobalSection
EndGlobal
